
Microsoft Visual Studio Solution File, Format Version 12.00
# Visual Studio 14
VisualStudioVersion = 14.0.25420.1
MinimumVisualStudioVersion = 10.0.40219.1
Project("{8BC9CEB8-8B4A-11D0-8D11-00A0C91BC942}") = "BaekJoon", "BaekJoon\BaekJoon.vcxproj", "{E95B5B4F-01B8-47A9-9193-1BA83D364CC1}"
EndProject
Project("{8BC9CEB8-8B4A-11D0-8D11-00A0C91BC942}") = "Test", "Test\Test.vcxproj", "{C075EA4C-A19A-4C66-B775-78F5E89C827D}"
EndProject
Project("{8BC9CEB8-8B4A-11D0-8D11-00A0C91BC942}") = "BOJ2225", "BOJ2225\BOJ2225.vcxproj", "{32FBF36E-80B6-438B-BB75-4516EAFFE90F}"
EndProject
Project("{8BC9CEB8-8B4A-11D0-8D11-00A0C91BC942}") = "BOJ1912", "BOJ1912\BOJ1912.vcxproj", "{D358F4B4-F7A7-44DA-9245-3A62361C0B73}"
EndProject
Project("{8BC9CEB8-8B4A-11D0-8D11-00A0C91BC942}") = "BOJ1234", "BOJ1234\BOJ1234.vcxproj", "{D31AA402-B8FE-4767-85D8-58FCA8918ED9}"
EndProject
Global
	GlobalSection(SolutionConfigurationPlatforms) = preSolution
		Debug|x64 = Debug|x64
		Debug|x86 = Debug|x86
		Release|x64 = Release|x64
		Release|x86 = Release|x86
	EndGlobalSection
	GlobalSection(ProjectConfigurationPlatforms) = postSolution
		{E95B5B4F-01B8-47A9-9193-1BA83D364CC1}.Debug|x64.ActiveCfg = Debug|x64
		{E95B5B4F-01B8-47A9-9193-1BA83D364CC1}.Debug|x64.Build.0 = Debug|x64
		{E95B5B4F-01B8-47A9-9193-1BA83D364CC1}.Debug|x86.ActiveCfg = Debug|Win32
		{E95B5B4F-01B8-47A9-9193-1BA83D364CC1}.Debug|x86.Build.0 = Debug|Win32
		{E95B5B4F-01B8-47A9-9193-1BA83D364CC1}.Release|x64.ActiveCfg = Release|x64
		{E95B5B4F-01B8-47A9-9193-1BA83D364CC1}.Release|x64.Build.0 = Release|x64
		{E95B5B4F-01B8-47A9-9193-1BA83D364CC1}.Release|x86.ActiveCfg = Release|Win32
		{E95B5B4F-01B8-47A9-9193-1BA83D364CC1}.Release|x86.Build.0 = Release|Win32
		{C075EA4C-A19A-4C66-B775-78F5E89C827D}.Debug|x64.ActiveCfg = Debug|x64
		{C075EA4C-A19A-4C66-B775-78F5E89C827D}.Debug|x64.Build.0 = Debug|x64
		{C075EA4C-A19A-4C66-B775-78F5E89C827D}.Debug|x86.ActiveCfg = Debug|Win32
		{C075EA4C-A19A-4C66-B775-78F5E89C827D}.Debug|x86.Build.0 = Debug|Win32
		{C075EA4C-A19A-4C66-B775-78F5E89C827D}.Release|x64.ActiveCfg = Release|x64
		{C075EA4C-A19A-4C66-B775-78F5E89C827D}.Release|x64.Build.0 = Release|x64
		{C075EA4C-A19A-4C66-B775-78F5E89C827D}.Release|x86.ActiveCfg = Release|Win32
		{C075EA4C-A19A-4C66-B775-78F5E89C827D}.Release|x86.Build.0 = Release|Win32
		{32FBF36E-80B6-438B-BB75-4516EAFFE90F}.Debug|x64.ActiveCfg = Debug|x64
		{32FBF36E-80B6-438B-BB75-4516EAFFE90F}.Debug|x64.Build.0 = Debug|x64
		{32FBF36E-80B6-438B-BB75-4516EAFFE90F}.Debug|x86.ActiveCfg = Debug|Win32
		{32FBF36E-80B6-438B-BB75-4516EAFFE90F}.Debug|x86.Build.0 = Debug|Win32
		{32FBF36E-80B6-438B-BB75-4516EAFFE90F}.Release|x64.ActiveCfg = Release|x64
		{32FBF36E-80B6-438B-BB75-4516EAFFE90F}.Release|x64.Build.0 = Release|x64
		{32FBF36E-80B6-438B-BB75-4516EAFFE90F}.Release|x86.ActiveCfg = Release|Win32
		{32FBF36E-80B6-438B-BB75-4516EAFFE90F}.Release|x86.Build.0 = Release|Win32
		{D358F4B4-F7A7-44DA-9245-3A62361C0B73}.Debug|x64.ActiveCfg = Debug|x64
		{D358F4B4-F7A7-44DA-9245-3A62361C0B73}.Debug|x64.Build.0 = Debug|x64
		{D358F4B4-F7A7-44DA-9245-3A62361C0B73}.Debug|x86.ActiveCfg = Debug|Win32
		{D358F4B4-F7A7-44DA-9245-3A62361C0B73}.Debug|x86.Build.0 = Debug|Win32
		{D358F4B4-F7A7-44DA-9245-3A62361C0B73}.Release|x64.ActiveCfg = Release|x64
		{D358F4B4-F7A7-44DA-9245-3A62361C0B73}.Release|x64.Build.0 = Release|x64
		{D358F4B4-F7A7-44DA-9245-3A62361C0B73}.Release|x86.ActiveCfg = Release|Win32
		{D358F4B4-F7A7-44DA-9245-3A62361C0B73}.Release|x86.Build.0 = Release|Win32
		{D31AA402-B8FE-4767-85D8-58FCA8918ED9}.Debug|x64.ActiveCfg = Debug|x64
		{D31AA402-B8FE-4767-85D8-58FCA8918ED9}.Debug|x64.Build.0 = Debug|x64
		{D31AA402-B8FE-4767-85D8-58FCA8918ED9}.Debug|x86.ActiveCfg = Debug|Win32
		{D31AA402-B8FE-4767-85D8-58FCA8918ED9}.Debug|x86.Build.0 = Debug|Win32
		{D31AA402-B8FE-4767-85D8-58FCA8918ED9}.Release|x64.ActiveCfg = Release|x64
		{D31AA402-B8FE-4767-85D8-58FCA8918ED9}.Release|x64.Build.0 = Release|x64
		{D31AA402-B8FE-4767-85D8-58FCA8918ED9}.Release|x86.ActiveCfg = Release|Win32
		{D31AA402-B8FE-4767-85D8-58FCA8918ED9}.Release|x86.Build.0 = Release|Win32
	EndGlobalSection
	GlobalSection(SolutionProperties) = preSolution
		HideSolutionNode = FALSE
	EndGlobalSection
EndGlobal
