
Microsoft Visual Studio Solution File, Format Version 12.00
# Visual Studio 14
VisualStudioVersion = 14.0.25420.1
MinimumVisualStudioVersion = 10.0.40219.1
Project("{8BC9CEB8-8B4A-11D0-8D11-00A0C91BC942}") = "BaekJoon", "BaekJoon\BaekJoon.vcxproj", "{E95B5B4F-01B8-47A9-9193-1BA83D364CC1}"
EndProject
Project("{8BC9CEB8-8B4A-11D0-8D11-00A0C91BC942}") = "Test", "Test\Test.vcxproj", "{C075EA4C-A19A-4C66-B775-78F5E89C827D}"
EndProject
Project("{8BC9CEB8-8B4A-11D0-8D11-00A0C91BC942}") = "BOJ1023", "BOJ1023\BOJ1023.vcxproj", "{78CA9C46-7489-4220-B710-4436685967EB}"
EndProject
Project("{8BC9CEB8-8B4A-11D0-8D11-00A0C91BC942}") = "BOJ2291", "BOJ2291\BOJ2291.vcxproj", "{C7555A9B-D13B-451E-9493-2469F033F983}"
EndProject
Project("{8BC9CEB8-8B4A-11D0-8D11-00A0C91BC942}") = "BOJ1514", "BOJ1514\BOJ1514.vcxproj", "{A21D6146-A318-47E8-B5C9-D1DBFF214AFA}"
EndProject
Global
	GlobalSection(SolutionConfigurationPlatforms) = preSolution
		Debug|x64 = Debug|x64
		Debug|x86 = Debug|x86
		Release|x64 = Release|x64
		Release|x86 = Release|x86
	EndGlobalSection
	GlobalSection(ProjectConfigurationPlatforms) = postSolution
		{E95B5B4F-01B8-47A9-9193-1BA83D364CC1}.Debug|x64.ActiveCfg = Debug|x64
		{E95B5B4F-01B8-47A9-9193-1BA83D364CC1}.Debug|x64.Build.0 = Debug|x64
		{E95B5B4F-01B8-47A9-9193-1BA83D364CC1}.Debug|x86.ActiveCfg = Debug|Win32
		{E95B5B4F-01B8-47A9-9193-1BA83D364CC1}.Debug|x86.Build.0 = Debug|Win32
		{E95B5B4F-01B8-47A9-9193-1BA83D364CC1}.Release|x64.ActiveCfg = Release|x64
		{E95B5B4F-01B8-47A9-9193-1BA83D364CC1}.Release|x64.Build.0 = Release|x64
		{E95B5B4F-01B8-47A9-9193-1BA83D364CC1}.Release|x86.ActiveCfg = Release|Win32
		{E95B5B4F-01B8-47A9-9193-1BA83D364CC1}.Release|x86.Build.0 = Release|Win32
		{C075EA4C-A19A-4C66-B775-78F5E89C827D}.Debug|x64.ActiveCfg = Debug|x64
		{C075EA4C-A19A-4C66-B775-78F5E89C827D}.Debug|x64.Build.0 = Debug|x64
		{C075EA4C-A19A-4C66-B775-78F5E89C827D}.Debug|x86.ActiveCfg = Debug|Win32
		{C075EA4C-A19A-4C66-B775-78F5E89C827D}.Debug|x86.Build.0 = Debug|Win32
		{C075EA4C-A19A-4C66-B775-78F5E89C827D}.Release|x64.ActiveCfg = Release|x64
		{C075EA4C-A19A-4C66-B775-78F5E89C827D}.Release|x64.Build.0 = Release|x64
		{C075EA4C-A19A-4C66-B775-78F5E89C827D}.Release|x86.ActiveCfg = Release|Win32
		{C075EA4C-A19A-4C66-B775-78F5E89C827D}.Release|x86.Build.0 = Release|Win32
		{78CA9C46-7489-4220-B710-4436685967EB}.Debug|x64.ActiveCfg = Debug|x64
		{78CA9C46-7489-4220-B710-4436685967EB}.Debug|x64.Build.0 = Debug|x64
		{78CA9C46-7489-4220-B710-4436685967EB}.Debug|x86.ActiveCfg = Debug|Win32
		{78CA9C46-7489-4220-B710-4436685967EB}.Debug|x86.Build.0 = Debug|Win32
		{78CA9C46-7489-4220-B710-4436685967EB}.Release|x64.ActiveCfg = Release|x64
		{78CA9C46-7489-4220-B710-4436685967EB}.Release|x64.Build.0 = Release|x64
		{78CA9C46-7489-4220-B710-4436685967EB}.Release|x86.ActiveCfg = Release|Win32
		{78CA9C46-7489-4220-B710-4436685967EB}.Release|x86.Build.0 = Release|Win32
		{C7555A9B-D13B-451E-9493-2469F033F983}.Debug|x64.ActiveCfg = Debug|x64
		{C7555A9B-D13B-451E-9493-2469F033F983}.Debug|x64.Build.0 = Debug|x64
		{C7555A9B-D13B-451E-9493-2469F033F983}.Debug|x86.ActiveCfg = Debug|Win32
		{C7555A9B-D13B-451E-9493-2469F033F983}.Debug|x86.Build.0 = Debug|Win32
		{C7555A9B-D13B-451E-9493-2469F033F983}.Release|x64.ActiveCfg = Release|x64
		{C7555A9B-D13B-451E-9493-2469F033F983}.Release|x64.Build.0 = Release|x64
		{C7555A9B-D13B-451E-9493-2469F033F983}.Release|x86.ActiveCfg = Release|Win32
		{C7555A9B-D13B-451E-9493-2469F033F983}.Release|x86.Build.0 = Release|Win32
		{A21D6146-A318-47E8-B5C9-D1DBFF214AFA}.Debug|x64.ActiveCfg = Debug|x64
		{A21D6146-A318-47E8-B5C9-D1DBFF214AFA}.Debug|x64.Build.0 = Debug|x64
		{A21D6146-A318-47E8-B5C9-D1DBFF214AFA}.Debug|x86.ActiveCfg = Debug|Win32
		{A21D6146-A318-47E8-B5C9-D1DBFF214AFA}.Debug|x86.Build.0 = Debug|Win32
		{A21D6146-A318-47E8-B5C9-D1DBFF214AFA}.Release|x64.ActiveCfg = Release|x64
		{A21D6146-A318-47E8-B5C9-D1DBFF214AFA}.Release|x64.Build.0 = Release|x64
		{A21D6146-A318-47E8-B5C9-D1DBFF214AFA}.Release|x86.ActiveCfg = Release|Win32
		{A21D6146-A318-47E8-B5C9-D1DBFF214AFA}.Release|x86.Build.0 = Release|Win32
	EndGlobalSection
	GlobalSection(SolutionProperties) = preSolution
		HideSolutionNode = FALSE
	EndGlobalSection
EndGlobal
