
Microsoft Visual Studio Solution File, Format Version 12.00
# Visual Studio 14
VisualStudioVersion = 14.0.25420.1
MinimumVisualStudioVersion = 10.0.40219.1
Project("{8BC9CEB8-8B4A-11D0-8D11-00A0C91BC942}") = "BaekJoon", "BaekJoon\BaekJoon.vcxproj", "{E95B5B4F-01B8-47A9-9193-1BA83D364CC1}"
EndProject
Project("{8BC9CEB8-8B4A-11D0-8D11-00A0C91BC942}") = "Test", "Test\Test.vcxproj", "{C075EA4C-A19A-4C66-B775-78F5E89C827D}"
EndProject
Project("{8BC9CEB8-8B4A-11D0-8D11-00A0C91BC942}") = "MH10164", "MH10164\MH10164.vcxproj", "{067FE54D-0AFE-4E6C-A245-0AB96ED7F6BE}"
EndProject
Project("{8BC9CEB8-8B4A-11D0-8D11-00A0C91BC942}") = "BOJ2565", "BOJ2565\BOJ2565.vcxproj", "{CD08CC2B-11DA-4BF7-98EE-20C970DBDDCE}"
EndProject
Project("{8BC9CEB8-8B4A-11D0-8D11-00A0C91BC942}") = "BOJ1309", "BOJ1309\BOJ1309.vcxproj", "{F6768FFA-6081-40A4-80EF-4C971F4ED045}"
EndProject
Project("{8BC9CEB8-8B4A-11D0-8D11-00A0C91BC942}") = "BOJ1932", "BOJ1932\BOJ1932.vcxproj", "{80C058AD-1C99-41BB-8746-65F3178CE393}"
EndProject
Global
	GlobalSection(SolutionConfigurationPlatforms) = preSolution
		Debug|x64 = Debug|x64
		Debug|x86 = Debug|x86
		Release|x64 = Release|x64
		Release|x86 = Release|x86
	EndGlobalSection
	GlobalSection(ProjectConfigurationPlatforms) = postSolution
		{E95B5B4F-01B8-47A9-9193-1BA83D364CC1}.Debug|x64.ActiveCfg = Debug|x64
		{E95B5B4F-01B8-47A9-9193-1BA83D364CC1}.Debug|x64.Build.0 = Debug|x64
		{E95B5B4F-01B8-47A9-9193-1BA83D364CC1}.Debug|x86.ActiveCfg = Debug|Win32
		{E95B5B4F-01B8-47A9-9193-1BA83D364CC1}.Debug|x86.Build.0 = Debug|Win32
		{E95B5B4F-01B8-47A9-9193-1BA83D364CC1}.Release|x64.ActiveCfg = Release|x64
		{E95B5B4F-01B8-47A9-9193-1BA83D364CC1}.Release|x64.Build.0 = Release|x64
		{E95B5B4F-01B8-47A9-9193-1BA83D364CC1}.Release|x86.ActiveCfg = Release|Win32
		{E95B5B4F-01B8-47A9-9193-1BA83D364CC1}.Release|x86.Build.0 = Release|Win32
		{C075EA4C-A19A-4C66-B775-78F5E89C827D}.Debug|x64.ActiveCfg = Debug|x64
		{C075EA4C-A19A-4C66-B775-78F5E89C827D}.Debug|x64.Build.0 = Debug|x64
		{C075EA4C-A19A-4C66-B775-78F5E89C827D}.Debug|x86.ActiveCfg = Debug|Win32
		{C075EA4C-A19A-4C66-B775-78F5E89C827D}.Debug|x86.Build.0 = Debug|Win32
		{C075EA4C-A19A-4C66-B775-78F5E89C827D}.Release|x64.ActiveCfg = Release|x64
		{C075EA4C-A19A-4C66-B775-78F5E89C827D}.Release|x64.Build.0 = Release|x64
		{C075EA4C-A19A-4C66-B775-78F5E89C827D}.Release|x86.ActiveCfg = Release|Win32
		{C075EA4C-A19A-4C66-B775-78F5E89C827D}.Release|x86.Build.0 = Release|Win32
		{067FE54D-0AFE-4E6C-A245-0AB96ED7F6BE}.Debug|x64.ActiveCfg = Debug|x64
		{067FE54D-0AFE-4E6C-A245-0AB96ED7F6BE}.Debug|x64.Build.0 = Debug|x64
		{067FE54D-0AFE-4E6C-A245-0AB96ED7F6BE}.Debug|x86.ActiveCfg = Debug|Win32
		{067FE54D-0AFE-4E6C-A245-0AB96ED7F6BE}.Debug|x86.Build.0 = Debug|Win32
		{067FE54D-0AFE-4E6C-A245-0AB96ED7F6BE}.Release|x64.ActiveCfg = Release|x64
		{067FE54D-0AFE-4E6C-A245-0AB96ED7F6BE}.Release|x64.Build.0 = Release|x64
		{067FE54D-0AFE-4E6C-A245-0AB96ED7F6BE}.Release|x86.ActiveCfg = Release|Win32
		{067FE54D-0AFE-4E6C-A245-0AB96ED7F6BE}.Release|x86.Build.0 = Release|Win32
		{CD08CC2B-11DA-4BF7-98EE-20C970DBDDCE}.Debug|x64.ActiveCfg = Debug|x64
		{CD08CC2B-11DA-4BF7-98EE-20C970DBDDCE}.Debug|x64.Build.0 = Debug|x64
		{CD08CC2B-11DA-4BF7-98EE-20C970DBDDCE}.Debug|x86.ActiveCfg = Debug|Win32
		{CD08CC2B-11DA-4BF7-98EE-20C970DBDDCE}.Debug|x86.Build.0 = Debug|Win32
		{CD08CC2B-11DA-4BF7-98EE-20C970DBDDCE}.Release|x64.ActiveCfg = Release|x64
		{CD08CC2B-11DA-4BF7-98EE-20C970DBDDCE}.Release|x64.Build.0 = Release|x64
		{CD08CC2B-11DA-4BF7-98EE-20C970DBDDCE}.Release|x86.ActiveCfg = Release|Win32
		{CD08CC2B-11DA-4BF7-98EE-20C970DBDDCE}.Release|x86.Build.0 = Release|Win32
		{F6768FFA-6081-40A4-80EF-4C971F4ED045}.Debug|x64.ActiveCfg = Debug|x64
		{F6768FFA-6081-40A4-80EF-4C971F4ED045}.Debug|x64.Build.0 = Debug|x64
		{F6768FFA-6081-40A4-80EF-4C971F4ED045}.Debug|x86.ActiveCfg = Debug|Win32
		{F6768FFA-6081-40A4-80EF-4C971F4ED045}.Debug|x86.Build.0 = Debug|Win32
		{F6768FFA-6081-40A4-80EF-4C971F4ED045}.Release|x64.ActiveCfg = Release|x64
		{F6768FFA-6081-40A4-80EF-4C971F4ED045}.Release|x64.Build.0 = Release|x64
		{F6768FFA-6081-40A4-80EF-4C971F4ED045}.Release|x86.ActiveCfg = Release|Win32
		{F6768FFA-6081-40A4-80EF-4C971F4ED045}.Release|x86.Build.0 = Release|Win32
		{80C058AD-1C99-41BB-8746-65F3178CE393}.Debug|x64.ActiveCfg = Debug|x64
		{80C058AD-1C99-41BB-8746-65F3178CE393}.Debug|x64.Build.0 = Debug|x64
		{80C058AD-1C99-41BB-8746-65F3178CE393}.Debug|x86.ActiveCfg = Debug|Win32
		{80C058AD-1C99-41BB-8746-65F3178CE393}.Debug|x86.Build.0 = Debug|Win32
		{80C058AD-1C99-41BB-8746-65F3178CE393}.Release|x64.ActiveCfg = Release|x64
		{80C058AD-1C99-41BB-8746-65F3178CE393}.Release|x64.Build.0 = Release|x64
		{80C058AD-1C99-41BB-8746-65F3178CE393}.Release|x86.ActiveCfg = Release|Win32
		{80C058AD-1C99-41BB-8746-65F3178CE393}.Release|x86.Build.0 = Release|Win32
	EndGlobalSection
	GlobalSection(SolutionProperties) = preSolution
		HideSolutionNode = FALSE
	EndGlobalSection
EndGlobal
